Microsoft Visual Studio Solution File, Format Version 11.00
# Visual Studio 2008

Project("{F0049ACD-3951-499D-61B0-F23667FA9BBC}") = "dodge", "Assembly-CSharp.csproj", "{29139FD6-172C-2988-81A4-93255CE228D3}"
EndProject
Global
	GlobalSection(SolutionConfigurationPlatforms) = preSolution
		Debug|Any CPU = Debug|Any CPU
		Release|Any CPU = Release|Any CPU
	EndGlobalSection
	GlobalSection(ProjectConfigurationPlatforms) = postSolution
		{29139FD6-172C-2988-81A4-93255CE228D3}.Debug|Any CPU.ActiveCfg = Debug|Any CPU
		{29139FD6-172C-2988-81A4-93255CE228D3}.Debug|Any CPU.Build.0 = Debug|Any CPU
		{29139FD6-172C-2988-81A4-93255CE228D3}.Release|Any CPU.ActiveCfg = Release|Any CPU
		{29139FD6-172C-2988-81A4-93255CE228D3}.Release|Any CPU.Build.0 = Release|Any CPU
	EndGlobalSection
	GlobalSection(SolutionProperties) = preSolution
		HideSolutionNode = FALSE
	EndGlobalSection
	GlobalSection(MonoDevelopProperties) = preSolution
		StartupItem = Assembly-CSharp.csproj
	EndGlobalSection
EndGlobal
